
Microsoft Visual Studio Solution File, Format Version 12.00
# Visual Studio Version 17
VisualStudioVersion = 17.11.35312.102
MinimumVisualStudioVersion = 10.0.40219.1
Project("{FAE04EC0-301F-11D3-BF4B-00C04F79EFBC}") = "euklidesz", "euklidesz\euklidesz.csproj", "{FFD30F69-163E-47FA-AECA-8287C5630EE0}"
EndProject
Global
	GlobalSection(SolutionConfigurationPlatforms) = preSolution
		Debug|Any CPU = Debug|Any CPU
		Release|Any CPU = Release|Any CPU
	EndGlobalSection
	GlobalSection(ProjectConfigurationPlatforms) = postSolution
		{FFD30F69-163E-47FA-AECA-8287C5630EE0}.Debug|Any CPU.ActiveCfg = Debug|Any CPU
		{FFD30F69-163E-47FA-AECA-8287C5630EE0}.Debug|Any CPU.Build.0 = Debug|Any CPU
		{FFD30F69-163E-47FA-AECA-8287C5630EE0}.Release|Any CPU.ActiveCfg = Release|Any CPU
		{FFD30F69-163E-47FA-AECA-8287C5630EE0}.Release|Any CPU.Build.0 = Release|Any CPU
	EndGlobalSection
	GlobalSection(SolutionProperties) = preSolution
		HideSolutionNode = FALSE
	EndGlobalSection
	GlobalSection(ExtensibilityGlobals) = postSolution
		SolutionGuid = {EF05F4F0-8F90-4007-9F53-BD7B0665340D}
	EndGlobalSection
EndGlobal
